
Microsoft Visual Studio Solution File, Format Version 12.00
# Visual Studio 14
VisualStudioVersion = 14.0.25420.1
MinimumVisualStudioVersion = 10.0.40219.1
Project("{2150E333-8FDC-42A3-9474-1A3956D46DE8}") = "src", "src", "{2EA52D97-E3C2-49F8-BC5F-EBF68926F2F4}"
EndProject
Project("{2150E333-8FDC-42A3-9474-1A3956D46DE8}") = "Solution Items", "Solution Items", "{306ED639-F681-4D1D-B6D6-8565367F6F0A}"
	ProjectSection(SolutionItems) = preProject
		global.json = global.json
	EndProjectSection
EndProject
Project("{8BB2217D-0F2D-49D1-97BC-3654ED321F3B}") = "RemkoApi", "src\RemkoApi\RemkoApi.xproj", "{DD88D67D-77CF-42BD-B308-BD3A6727DA34}"
EndProject
Global
	GlobalSection(SolutionConfigurationPlatforms) = preSolution
		Debug|Any CPU = Debug|Any CPU
		Release|Any CPU = Release|Any CPU
	EndGlobalSection
	GlobalSection(ProjectConfigurationPlatforms) = postSolution
		{DD88D67D-77CF-42BD-B308-BD3A6727DA34}.Debug|Any CPU.ActiveCfg = Debug|Any CPU
		{DD88D67D-77CF-42BD-B308-BD3A6727DA34}.Debug|Any CPU.Build.0 = Debug|Any CPU
		{DD88D67D-77CF-42BD-B308-BD3A6727DA34}.Release|Any CPU.ActiveCfg = Release|Any CPU
		{DD88D67D-77CF-42BD-B308-BD3A6727DA34}.Release|Any CPU.Build.0 = Release|Any CPU
	EndGlobalSection
	GlobalSection(SolutionProperties) = preSolution
		HideSolutionNode = FALSE
	EndGlobalSection
	GlobalSection(NestedProjects) = preSolution
		{DD88D67D-77CF-42BD-B308-BD3A6727DA34} = {2EA52D97-E3C2-49F8-BC5F-EBF68926F2F4}
	EndGlobalSection
EndGlobal
